{
  "originHash" : "982eaf1bd5f4c9db95936386305efb2300fbb916384090b2d105cca0c793fd29",
  "pins" : [
    {
      "identity" : "privy-ios",
      "kind" : "remoteSourceControl",
      "location" : "https://github.com/privy-io/privy-ios",
      "state" : {
        "revision" : "9aae9bf8937ff06cf780fa146de72b3d306ed1b0",
        "version" : "1.7.0"
      }
    },
    {
      "identity" : "screenshotableview",
      "kind" : "remoteSourceControl",
      "location" : "https://github.com/RickeyBoy/ScreenshotableView",
      "state" : {
        "revision" : "4dcc274e518756c9bb6eabc153b2edb51a7bd482",
        "version" : "1.1.0"
      }
    },
    {
      "identity" : "swift-algorithms",
      "kind" : "remoteSourceControl",
      "location" : "https://github.com/apple/swift-algorithms.git",
      "state" : {
        "revision" : "f6919dfc309e7f1b56224378b11e28bab5bccc42",
        "version" : "1.2.0"
      }
    },
    {
      "identity" : "swift-numerics",
      "kind" : "remoteSourceControl",
      "location" : "https://github.com/apple/swift-numerics.git",
      "state" : {
        "revision" : "0a5bc04095a675662cf24757cc0640aa2204253b",
        "version" : "1.0.2"
      }
    },
    {
      "identity" : "wallet-mobile-sdk",
      "kind" : "remoteSourceControl",
      "location" : "https://github.com/coinbase/wallet-mobile-sdk.git",
      "state" : {
        "revision" : "4293df51d3500b8e876ca4bf0d7548adf097569a",
        "version" : "1.1.2"
      }
    }
  ],
  "version" : 3
}
